
Microsoft Visual Studio Solution File, Format Version 11.00
# Visual Studio 2010
Project("{8BC9CEB8-8B4A-11D0-8D11-00A0C91BC942}") = "SharedMemoryQueue", "SharedMemoryQueue\SharedMemoryQueue.vcxproj", "{B29A731A-FEEC-4573-AF7B-E56D0F754270}"
EndProject
Global
	GlobalSection(SolutionConfigurationPlatforms) = preSolution
		Debug|Win32 = Debug|Win32
		Release|Win32 = Release|Win32
	EndGlobalSection
	GlobalSection(ProjectConfigurationPlatforms) = postSolution
		{B29A731A-FEEC-4573-AF7B-E56D0F754270}.Debug|Win32.ActiveCfg = Debug|Win32
		{B29A731A-FEEC-4573-AF7B-E56D0F754270}.Debug|Win32.Build.0 = Debug|Win32
		{B29A731A-FEEC-4573-AF7B-E56D0F754270}.Release|Win32.ActiveCfg = Release|Win32
		{B29A731A-FEEC-4573-AF7B-E56D0F754270}.Release|Win32.Build.0 = Release|Win32
	EndGlobalSection
	GlobalSection(SolutionProperties) = preSolution
		HideSolutionNode = FALSE
	EndGlobalSection
EndGlobal
